
Microsoft Visual Studio Solution File, Format Version 12.00
# Visual Studio Version 17
VisualStudioVersion = 17.1.31903.286
MinimumVisualStudioVersion = 10.0.40219.1
Project("{FAE04EC0-301F-11D3-BF4B-00C04F79EFBC}") = "Borderless1942", "Borderless1942.csproj", "{9F643A98-5116-47E0-8AB3-D77871AAB832}"
EndProject
Global
	GlobalSection(SolutionConfigurationPlatforms) = preSolution
		Debug|Any CPU = Debug|Any CPU
		Release|Any CPU = Release|Any CPU
	EndGlobalSection
	GlobalSection(ProjectConfigurationPlatforms) = postSolution
		{9F643A98-5116-47E0-8AB3-D77871AAB832}.Debug|Any CPU.ActiveCfg = Debug|Any CPU
		{9F643A98-5116-47E0-8AB3-D77871AAB832}.Debug|Any CPU.Build.0 = Debug|Any CPU
		{9F643A98-5116-47E0-8AB3-D77871AAB832}.Release|Any CPU.ActiveCfg = Release|Any CPU
		{9F643A98-5116-47E0-8AB3-D77871AAB832}.Release|Any CPU.Build.0 = Release|Any CPU
	EndGlobalSection
	GlobalSection(SolutionProperties) = preSolution
		HideSolutionNode = FALSE
	EndGlobalSection
	GlobalSection(ExtensibilityGlobals) = postSolution
		SolutionGuid = {938026F9-B54F-4181-B43B-D5B8C750ADDE}
	EndGlobalSection
EndGlobal
